{
  "name": "ai-trading-platform",
  "version": "0.1.0",
  "lockfileVersion": 3,
  "requires": true,
  "packages": {
    "": {
      "name": "ai-trading-platform",
      "version": "0.1.0",
      "workspaces": [
        "packages/*",
        "services/*",
        "apps/*"
      ],
      "devDependencies": {
        "@types/node": "22.20.1"
      },
      "engines": {
        "node": ">=20.0.0"
      }
    },
    "node_modules/@ai-trading-platform/api-kernel": {
      "resolved": "packages/api-kernel",
      "link": true
    },
    "node_modules/@ai-trading-platform/auth": {
      "resolved": "packages/auth",
      "link": true
    },
    "node_modules/@ai-trading-platform/config": {
      "resolved": "packages/config",
      "link": true
    },
    "node_modules/@ai-trading-platform/contracts": {
      "resolved": "packages/contracts",
      "link": true
    },
    "node_modules/@ai-trading-platform/domain": {
      "resolved": "packages/domain",
      "link": true
    },
    "node_modules/@ai-trading-platform/entitlements": {
      "resolved": "packages/entitlements",
      "link": true
    },
    "node_modules/@ai-trading-platform/market-data": {
      "resolved": "packages/market-data",
      "link": true
    },
    "node_modules/@ai-trading-platform/markets": {
      "resolved": "packages/markets",
      "link": true
    },
    "node_modules/@ai-trading-platform/observability": {
      "resolved": "packages/observability",
      "link": true
    },
    "node_modules/@ai-trading-platform/security": {
      "resolved": "packages/security",
      "link": true
    },
    "node_modules/@ai-trading-platform/testing": {
      "resolved": "packages/testing",
      "link": true
    },
    "node_modules/@ai-trading-platform/users": {
      "resolved": "packages/users",
      "link": true
    },
    "node_modules/@types/node": {
      "version": "22.20.1",
      "resolved": "https://registry.npmjs.org/@types/node/-/node-22.20.1.tgz",
      "integrity": "sha512-EANqOCF9QFyra+4pfxUcX9STKJpCLjMbObVzljIJomAWSnuSIEAvyzEU53GaajbXJEgdh0iEcPL+DGvpUd4k1Q==",
      "dev": true,
      "license": "MIT",
      "dependencies": {
        "undici-types": "~6.21.0"
      }
    },
    "node_modules/undici-types": {
      "version": "6.21.0",
      "resolved": "https://registry.npmjs.org/undici-types/-/undici-types-6.21.0.tgz",
      "integrity": "sha512-iwDZqg0QAGrg9Rav5H4n0M64c3mkR59cJ6wQp+7C4nI0gsmExaedaYLNO44eT4AtBBwjbTiGPMlt2Md0T9H9JQ==",
      "dev": true,
      "license": "MIT"
    },
    "packages/api-kernel": {
      "name": "@ai-trading-platform/api-kernel",
      "version": "0.1.0",
      "dependencies": {
        "@ai-trading-platform/security": "0.1.0"
      }
    },
    "packages/auth": {
      "name": "@ai-trading-platform/auth",
      "version": "0.1.0"
    },
    "packages/config": {
      "name": "@ai-trading-platform/config",
      "version": "0.1.0"
    },
    "packages/contracts": {
      "name": "@ai-trading-platform/contracts",
      "version": "0.1.0"
    },
    "packages/domain": {
      "name": "@ai-trading-platform/domain",
      "version": "0.1.0"
    },
    "packages/entitlements": {
      "name": "@ai-trading-platform/entitlements",
      "version": "0.1.0"
    },
    "packages/market-data": {
      "name": "@ai-trading-platform/market-data",
      "version": "0.1.0",
      "dependencies": {
        "@ai-trading-platform/domain": "0.1.0"
      }
    },
    "packages/markets": {
      "name": "@ai-trading-platform/markets",
      "version": "0.1.0",
      "dependencies": {
        "@ai-trading-platform/domain": "0.1.0"
      }
    },
    "packages/observability": {
      "name": "@ai-trading-platform/observability",
      "version": "0.1.0"
    },
    "packages/security": {
      "name": "@ai-trading-platform/security",
      "version": "0.1.0"
    },
    "packages/testing": {
      "name": "@ai-trading-platform/testing",
      "version": "0.1.0",
      "dependencies": {
        "@ai-trading-platform/domain": "0.1.0"
      }
    },
    "packages/users": {
      "name": "@ai-trading-platform/users",
      "version": "0.1.0"
    }
  }
}
